
Microsoft Visual Studio Solution File, Format Version 12.00
# Visual Studio Version 17
VisualStudioVersion = 17.11.35312.102
MinimumVisualStudioVersion = 10.0.40219.1
Project("{FAE04EC0-301F-11D3-BF4B-00C04F79EFBC}") = "CRUDPractice1", "CRUDPractice1\CRUDPractice1.csproj", "{F3867D1E-0E2D-419F-A11C-351D2E7F017B}"
EndProject
Global
	GlobalSection(SolutionConfigurationPlatforms) = preSolution
		Debug|Any CPU = Debug|Any CPU
		Release|Any CPU = Release|Any CPU
	EndGlobalSection
	GlobalSection(ProjectConfigurationPlatforms) = postSolution
		{F3867D1E-0E2D-419F-A11C-351D2E7F017B}.Debug|Any CPU.ActiveCfg = Debug|Any CPU
		{F3867D1E-0E2D-419F-A11C-351D2E7F017B}.Debug|Any CPU.Build.0 = Debug|Any CPU
		{F3867D1E-0E2D-419F-A11C-351D2E7F017B}.Release|Any CPU.ActiveCfg = Release|Any CPU
		{F3867D1E-0E2D-419F-A11C-351D2E7F017B}.Release|Any CPU.Build.0 = Release|Any CPU
	EndGlobalSection
	GlobalSection(SolutionProperties) = preSolution
		HideSolutionNode = FALSE
	EndGlobalSection
	GlobalSection(ExtensibilityGlobals) = postSolution
		SolutionGuid = {14CAFA9E-8BFE-4715-A021-027133A5616A}
	EndGlobalSection
EndGlobal
